
Microsoft Visual Studio Solution File, Format Version 12.00
# Visual Studio Version 16
VisualStudioVersion = 16.0.31205.134
MinimumVisualStudioVersion = 10.0.40219.1
Project("{FAE04EC0-301F-11D3-BF4B-00C04F79EFBC}") = "WebApplication", "WebApplication.csproj", "{C3589B9C-367B-4D30-BE48-AE914B4E9F8B}"
EndProject
Project("{FAE04EC0-301F-11D3-BF4B-00C04F79EFBC}") = "WebApplicationUnitTestProject", "..\UnitTestProject1\WebApplicationUnitTestProject.csproj", "{8679AB1F-EBD9-4075-A75D-F9E5FBFD12B4}"
EndProject
Global
	GlobalSection(SolutionConfigurationPlatforms) = preSolution
		Debug|Any CPU = Debug|Any CPU
		Release|Any CPU = Release|Any CPU
	EndGlobalSection
	GlobalSection(ProjectConfigurationPlatforms) = postSolution
		{C3589B9C-367B-4D30-BE48-AE914B4E9F8B}.Debug|Any CPU.ActiveCfg = Debug|Any CPU
		{C3589B9C-367B-4D30-BE48-AE914B4E9F8B}.Debug|Any CPU.Build.0 = Debug|Any CPU
		{C3589B9C-367B-4D30-BE48-AE914B4E9F8B}.Release|Any CPU.ActiveCfg = Release|Any CPU
		{C3589B9C-367B-4D30-BE48-AE914B4E9F8B}.Release|Any CPU.Build.0 = Release|Any CPU
		{8679AB1F-EBD9-4075-A75D-F9E5FBFD12B4}.Debug|Any CPU.ActiveCfg = Debug|Any CPU
		{8679AB1F-EBD9-4075-A75D-F9E5FBFD12B4}.Debug|Any CPU.Build.0 = Debug|Any CPU
		{8679AB1F-EBD9-4075-A75D-F9E5FBFD12B4}.Release|Any CPU.ActiveCfg = Release|Any CPU
		{8679AB1F-EBD9-4075-A75D-F9E5FBFD12B4}.Release|Any CPU.Build.0 = Release|Any CPU
	EndGlobalSection
	GlobalSection(SolutionProperties) = preSolution
		HideSolutionNode = FALSE
	EndGlobalSection
	GlobalSection(ExtensibilityGlobals) = postSolution
		SolutionGuid = {DADFF73D-7D36-41D1-99D6-ADB6D1552155}
	EndGlobalSection
EndGlobal
